// !$*UTF8*$!
{
	archiveVersion = 1;
	classes = {
	};
	objectVersion = 46;
	objects = {

/* Begin PBXBuildFile section */
		076520E31E9C76150001FEF0 /* AppDelegate.swift in Sources */ = {isa = PBXBuildFile; fileRef = 076520E21E9C76150001FEF0 /* AppDelegate.swift */; };
		076520E51E9C76150001FEF0 /* ViewController.swift in Sources */ = {isa = PBXBuildFile; fileRef = 076520E41E9C76150001FEF0 /* ViewController.swift */; };
		076520E81E9C76150001FEF0 /* Main.storyboard in Resources */ = {isa = PBXBuildFile; fileRef = 076520E61E9C76150001FEF0 /* Main.storyboard */; };
		076520EA1E9C76150001FEF0 /* Assets.xcassets in Resources */ = {isa = PBXBuildFile; fileRef = 076520E91E9C76150001FEF0 /* Assets.xcassets */; };
		076520ED1E9C76150001FEF0 /* LaunchScreen.storyboard in Resources */ = {isa = PBXBuildFile; fileRef = 076520EB1E9C76150001FEF0 /* LaunchScreen.storyboard */; };
		076520F81E9C76150001FEF0 /* SelfigramTests.swift in Sources */ = {isa = PBXBuildFile; fileRef = 076520F71E9C76150001FEF0 /* SelfigramTests.swift */; };
		076521031E9C76150001FEF0 /* SelfigramUITests.swift in Sources */ = {isa = PBXBuildFile; fileRef = 076521021E9C76150001FEF0 /* SelfigramUITests.swift */; };
/* End PBXBuildFile section */

/* Begin PBXContainerItemProxy section */
		076520F41E9C76150001FEF0 /* PBXContainerItemProxy */ = {
			isa = PBXContainerItemProxy;
			containerPortal = 076520D71E9C76150001FEF0 /* Project object */;
			proxyType = 1;
			remoteGlobalIDString = 076520DE1E9C76150001FEF0;
			remoteInfo = Selfigram;
		};
		076520FF1E9C76150001FEF0 /* PBXContainerItemProxy */ = {
			isa = PBXContainerItemProxy;
			containerPortal = 076520D71E9C76150001FEF0 /* Project object */;
			proxyType = 1;
			remoteGlobalIDString = 076520DE1E9C76150001FEF0;
			remoteInfo = Selfigram;
		};
/* End PBXContainerItemProxy section */

/* Begin PBXFileReference section */
		076520DF1E9C76150001FEF0 /* Selfigram.app */ = {isa = PBXFileReference; explicitFileType = wrapper.application; includeInIndex = 0; path = Selfigram.app; sourceTree = BUILT_PRODUCTS_DIR; };
		076520E21E9C76150001FEF0 /* AppDelegate.swift */ = {isa = PBXFileReference; lastKnownFileType = sourcecode.swift; path = AppDelegate.swift; sourceTree = "<group>"; };
		076520E41E9C76150001FEF0 /* ViewController.swift */ = {isa = PBXFileReference; lastKnownFileType = sourcecode.swift; path = ViewController.swift; sourceTree = "<group>"; };
		076520E71E9C76150001FEF0 /* Base */ = {isa = PBXFileReference; lastKnownFileType = file.storyboard; name = Base; path = Base.lproj/Main.storyboard; sourceTree = "<group>"; };
		076520E91E9C76150001FEF0 /* Assets.xcassets */ = {isa = PBXFileReference; lastKnownFileType = folder.assetcatalog; path = Assets.xcassets; sourceTree = "<group>"; };
		076520EC1E9C76150001FEF0 /* Base */ = {isa = PBXFileReference; lastKnownFileType = file.storyboard; name = Base; path = Base.lproj/LaunchScreen.storyboard; sourceTree = "<group>"; };
		076520EE1E9C76150001FEF0 /* Info.plist */ = {isa = PBXFileReference; lastKnownFileType = text.plist.xml; path = Info.plist; sourceTree = "<group>"; };
		076520F31E9C76150001FEF0 /* SelfigramTests.xctest */ = {isa = PBXFileReference; explicitFileType = wrapper.cfbundle; includeInIndex = 0; path = SelfigramTests.xctest; sourceTree = BUILT_PRODUCTS_DIR; };
		076520F71E9C76150001FEF0 /* SelfigramTests.swift */ = {isa = PBXFileReference; lastKnownFileType = sourcecode.swift; path = SelfigramTests.swift; sourceTree = "<group>"; };
		076520F91E9C76150001FEF0 /* Info.plist */ = {isa = PBXFileReference; lastKnownFileType = text.plist.xml; path = Info.plist; sourceTree = "<group>"; };
		076520FE1E9C76150001FEF0 /* SelfigramUITests.xctest */ = {isa = PBXFileReference; explicitFileType = wrapper.cfbundle; includeInIndex = 0; path = SelfigramUITests.xctest; sourceTree = BUILT_PRODUCTS_DIR; };
		076521021E9C76150001FEF0 /* SelfigramUITests.swift */ = {isa = PBXFileReference; lastKnownFileType = sourcecode.swift; path = SelfigramUITests.swift; sourceTree = "<group>"; };
		076521041E9C76150001FEF0 /* Info.plist */ = {isa = PBXFileReference; lastKnownFileType = text.plist.xml; path = Info.plist; sourceTree = "<group>"; };
/* End PBXFileReference section */

/* Begin PBXFrameworksBuildPhase section */
		076520DC1E9C76150001FEF0 /* Frameworks */ = {
			isa = PBXFrameworksBuildPhase;
			buildActionMask = 2147483647;
			files = (
			);
			runOnlyForDeploymentPostprocessing = 0;
		};
		076520F01E9C76150001FEF0 /* Frameworks */ = {
			isa = PBXFrameworksBuildPhase;
			buildActionMask = 2147483647;
			files = (
			);
			runOnlyForDeploymentPostprocessing = 0;
		};
		076520FB1E9C76150001FEF0 /* Frameworks */ = {
			isa = PBXFrameworksBuildPhase;
			buildActionMask = 2147483647;
			files = (
			);
			runOnlyForDeploymentPostprocessing = 0;
		};
/* End PBXFrameworksBuildPhase section */

/* Begin PBXGroup section */
		076520D61E9C76150001FEF0 = {
			isa = PBXGroup;
			children = (
				076520E11E9C76150001FEF0 /* Selfigram */,
				076520F61E9C76150001FEF0 /* SelfigramTests */,
				076521011E9C76150001FEF0 /* SelfigramUITests */,
				076520E01E9C76150001FEF0 /* Products */,
			);
			sourceTree = "<group>";
		};
		076520E01E9C76150001FEF0 /* Products */ = {
			isa = PBXGroup;
			children = (
				076520DF1E9C76150001FEF0 /* Selfigram.app */,
				076520F31E9C76150001FEF0 /* SelfigramTests.xctest */,
				076520FE1E9C76150001FEF0 /* SelfigramUITests.xctest */,
			);
			name = Products;
			sourceTree = "<group>";
		};
		076520E11E9C76150001FEF0 /* Selfigram */ = {
			isa = PBXGroup;
			children = (
				076520E21E9C76150001FEF0 /* AppDelegate.swift */,
				076520E41E9C76150001FEF0 /* ViewController.swift */,
				076520E61E9C76150001FEF0 /* Main.storyboard */,
				076520E91E9C76150001FEF0 /* Assets.xcassets */,
				076520EB1E9C76150001FEF0 /* LaunchScreen.storyboard */,
				076520EE1E9C76150001FEF0 /* Info.plist */,
			);
			path = Selfigram;
			sourceTree = "<group>";
		};
		076520F61E9C76150001FEF0 /* SelfigramTests */ = {
			isa = PBXGroup;
			children = (
				076520F71E9C76150001FEF0 /* SelfigramTests.swift */,
				076520F91E9C76150001FEF0 /* Info.plist */,
			);
			path = SelfigramTests;
			sourceTree = "<group>";
		};
		076521011E9C76150001FEF0 /* SelfigramUITests */ = {
			isa = PBXGroup;
			children = (
				076521021E9C76150001FEF0 /* SelfigramUITests.swift */,
				076521041E9C76150001FEF0 /* Info.plist */,
			);
			path = SelfigramUITests;
			sourceTree = "<group>";
		};
/* End PBXGroup section */

/* Begin PBXNativeTarget section */
		076520DE1E9C76150001FEF0 /* Selfigram */ = {
			isa = PBXNativeTarget;
			buildConfigurationList = 076521071E9C76150001FEF0 /* Build configuration list for PBXNativeTarget "Selfigram" */;
			buildPhases = (
				076520DB1E9C76150001FEF0 /* Sources */,
				076520DC1E9C76150001FEF0 /* Frameworks */,
				076520DD1E9C76150001FEF0 /* Resources */,
			);
			buildRules = (
			);
			dependencies = (
			);
			name = Selfigram;
			productName = Selfigram;
			productReference = 076520DF1E9C76150001FEF0 /* Selfigram.app */;
			productType = "com.apple.product-type.application";
		};
		076520F21E9C76150001FEF0 /* SelfigramTests */ = {
			isa = PBXNativeTarget;
			buildConfigurationList = 0765210A1E9C76150001FEF0 /* Build configuration list for PBXNativeTarget "SelfigramTests" */;
			buildPhases = (
				076520EF1E9C76150001FEF0 /* Sources */,
				076520F01E9C76150001FEF0 /* Frameworks */,
				076520F11E9C76150001FEF0 /* Resources */,
			);
			buildRules = (
			);
			dependencies = (
				076520F51E9C76150001FEF0 /* PBXTargetDependency */,
			);
			name = SelfigramTests;
			productName = SelfigramTests;
			productReference = 076520F31E9C76150001FEF0 /* SelfigramTests.xctest */;
			productType = "com.apple.product-type.bundle.unit-test";
		};
		076520FD1E9C76150001FEF0 /* SelfigramUITests */ = {
			isa = PBXNativeTarget;
			buildConfigurationList = 0765210D1E9C76150001FEF0 /* Build configuration list for PBXNativeTarget "SelfigramUITests" */;
			buildPhases = (
				076520FA1E9C76150001FEF0 /* Sources */,
				076520FB1E9C76150001FEF0 /* Frameworks */,
				076520FC1E9C76150001FEF0 /* Resources */,
			);
			buildRules = (
			);
			dependencies = (
				076521001E9C76150001FEF0 /* PBXTargetDependency */,
			);
			name = SelfigramUITests;
			productName = SelfigramUITests;
			productReference = 076520FE1E9C76150001FEF0 /* SelfigramUITests.xctest */;
			productType = "com.apple.product-type.bundle.ui-testing";
		};
/* End PBXNativeTarget section */

/* Begin PBXProject section */
		076520D71E9C76150001FEF0 /* Project object */ = {
			isa = PBXProject;
			attributes = {
				LastSwiftUpdateCheck = 0830;
				LastUpgradeCheck = 0830;
				ORGANIZATIONNAME = lighthouselabs;
				TargetAttributes = {
					076520DE1E9C76150001FEF0 = {
						CreatedOnToolsVersion = 8.3.1;
						ProvisioningStyle = Automatic;
					};
					076520F21E9C76150001FEF0 = {
						CreatedOnToolsVersion = 8.3.1;
						ProvisioningStyle = Automatic;
						TestTargetID = 076520DE1E9C76150001FEF0;
					};
					076520FD1E9C76150001FEF0 = {
						CreatedOnToolsVersion = 8.3.1;
						ProvisioningStyle = Automatic;
						TestTargetID = 076520DE1E9C76150001FEF0;
					};
				};
			};
			buildConfigurationList = 076520DA1E9C76150001FEF0 /* Build configuration list for PBXProject "Selfigram" */;
			compatibilityVersion = "Xcode 3.2";
			developmentRegion = English;
			hasScannedForEncodings = 0;
			knownRegions = (
				en,
				Base,
			);
			mainGroup = 076520D61E9C76150001FEF0;
			productRefGroup = 076520E01E9C76150001FEF0 /* Products */;
			projectDirPath = "";
			projectRoot = "";
			targets = (
				076520DE1E9C76150001FEF0 /* Selfigram */,
				076520F21E9C76150001FEF0 /* SelfigramTests */,
				076520FD1E9C76150001FEF0 /* SelfigramUITests */,
			);
		};
/* End PBXProject section */

/* Begin PBXResourcesBuildPhase section */
		076520DD1E9C76150001FEF0 /* Resources */ = {
			isa = PBXResourcesBuildPhase;
			buildActionMask = 2147483647;
			files = (
				076520ED1E9C76150001FEF0 /* LaunchScreen.storyboard in Resources */,
				076520EA1E9C76150001FEF0 /* Assets.xcassets in Resources */,
				076520E81E9C76150001FEF0 /* Main.storyboard in Resources */,
			);
			runOnlyForDeploymentPostprocessing = 0;
		};
		076520F11E9C76150001FEF0 /* Resources */ = {
			isa = PBXResourcesBuildPhase;
			buildActionMask = 2147483647;
			files = (
			);
			runOnlyForDeploymentPostprocessing = 0;
		};
		076520FC1E9C76150001FEF0 /* Resources */ = {
			isa = PBXResourcesBuildPhase;
			buildActionMask = 2147483647;
			files = (
			);
			runOnlyForDeploymentPostprocessing = 0;
		};
/* End PBXResourcesBuildPhase section */

/* Begin PBXSourcesBuildPhase section */
		076520DB1E9C76150001FEF0 /* Sources */ = {
			isa = PBXSourcesBuildPhase;
			buildActionMask = 2147483647;
			files = (
				076520E51E9C76150001FEF0 /* ViewController.swift in Sources */,
				076520E31E9C76150001FEF0 /* AppDelegate.swift in Sources */,
			);
			runOnlyForDeploymentPostprocessing = 0;
		};
		076520EF1E9C76150001FEF0 /* Sources */ = {
			isa = PBXSourcesBuildPhase;
			buildActionMask = 2147483647;
			files = (
				076520F81E9C76150001FEF0 /* SelfigramTests.swift in Sources */,
			);
			runOnlyForDeploymentPostprocessing = 0;
		};
		076520FA1E9C76150001FEF0 /* Sources */ = {
			isa = PBXSourcesBuildPhase;
			buildActionMask = 2147483647;
			files = (
				076521031E9C76150001FEF0 /* SelfigramUITests.swift in Sources */,
			);
			runOnlyForDeploymentPostprocessing = 0;
		};
/* End PBXSourcesBuildPhase section */

/* Begin PBXTargetDependency section */
		076520F51E9C76150001FEF0 /* PBXTargetDependency */ = {
			isa = PBXTargetDependency;
			target = 076520DE1E9C76150001FEF0 /* Selfigram */;
			targetProxy = 076520F41E9C76150001FEF0 /* PBXContainerItemProxy */;
		};
		076521001E9C76150001FEF0 /* PBXTargetDependency */ = {
			isa = PBXTargetDependency;
			target = 076520DE1E9C76150001FEF0 /* Selfigram */;
			targetProxy = 076520FF1E9C76150001FEF0 /* PBXContainerItemProxy */;
		};
/* End PBXTargetDependency section */

/* Begin PBXVariantGroup section */
		076520E61E9C76150001FEF0 /* Main.storyboard */ = {
			isa = PBXVariantGroup;
			children = (
				076520E71E9C76150001FEF0 /* Base */,
			);
			name = Main.storyboard;
			sourceTree = "<group>";
		};
		076520EB1E9C76150001FEF0 /* LaunchScreen.storyboard */ = {
			isa = PBXVariantGroup;
			children = (
				076520EC1E9C76150001FEF0 /* Base */,
			);
			name = LaunchScreen.storyboard;
			sourceTree = "<group>";
		};
/* End PBXVariantGroup section */

/* Begin XCBuildConfiguration section */
		076521051E9C76150001FEF0 /* Debug */ = {
			isa = XCBuildConfiguration;
			buildSettings = {
				ALWAYS_SEARCH_USER_PATHS = NO;
				CLANG_ANALYZER_NONNULL = YES;
				CLANG_ANALYZER_NUMBER_OBJECT_CONVERSION = YES_AGGRESSIVE;
				CLANG_CXX_LANGUAGE_STANDARD = "gnu++0x";
				CLANG_CXX_LIBRARY = "libc++";
				CLANG_ENABLE_MODULES = YES;
				CLANG_ENABLE_OBJC_ARC = YES;
				CLANG_WARN_BOOL_CONVERSION = YES;
				CLANG_WARN_CONSTANT_CONVERSION = YES;
				CLANG_WARN_DIRECT_OBJC_ISA_USAGE = YES_ERROR;
				CLANG_WARN_DOCUMENTATION_COMMENTS = YES;
				CLANG_WARN_EMPTY_BODY = YES;
				CLANG_WARN_ENUM_CONVERSION = YES;
				CLANG_WARN_INFINITE_RECURSION = YES;
				CLANG_WARN_INT_CONVERSION = YES;
				CLANG_WARN_OBJC_ROOT_CLASS = YES_ERROR;
				CLANG_WARN_SUSPICIOUS_MOVE = YES;
				CLANG_WARN_UNREACHABLE_CODE = YES;
				CLANG_WARN__DUPLICATE_METHOD_MATCH = YES;
				"CODE_SIGN_IDENTITY[sdk=iphoneos*]" = "iPhone Developer";
				COPY_PHASE_STRIP = NO;
				DEBUG_INFORMATION_FORMAT = dwarf;
				ENABLE_STRICT_OBJC_MSGSEND = YES;
				ENABLE_TESTABILITY = YES;
				GCC_C_LANGUAGE_STANDARD = gnu99;
				GCC_DYNAMIC_NO_PIC = NO;
				GCC_NO_COMMON_BLOCKS = YES;
				GCC_OPTIMIZATION_LEVEL = 0;
				GCC_PREPROCESSOR_DEFINITIONS = (
					"DEBUG=1",
					"$(inherited)",
				);
				GCC_WARN_64_TO_32_BIT_CONVERSION = YES;
				GCC_WARN_ABOUT_RETURN_TYPE = YES_ERROR;
				GCC_WARN_UNDECLARED_SELECTOR = YES;
				GCC_WARN_UNINITIALIZED_AUTOS = YES_AGGRESSIVE;
				GCC_WARN_UNUSED_FUNCTION = YES;
				GCC_WARN_UNUSED_VARIABLE = YES;
				IPHONEOS_DEPLOYMENT_TARGET = 10.3;
				MTL_ENABLE_DEBUG_INFO = YES;
				ONLY_ACTIVE_ARCH = YES;
				SDKROOT = iphoneos;
				SWIFT_ACTIVE_COMPILATION_CONDITIONS = DEBUG;
				SWIFT_OPTIMIZATION_LEVEL = "-Onone";
			};
			name = Debug;
		};
		076521061E9C76150001FEF0 /* Release */ = {
			isa = XCBuildConfiguration;
			buildSettings = {
				ALWAYS_SEARCH_USER_PATHS = NO;
				CLANG_ANALYZER_NONNULL = YES;
				CLANG_ANALYZER_NUMBER_OBJECT_CONVERSION = YES_AGGRESSIVE;
				CLANG_CXX_LANGUAGE_STANDARD = "gnu++0x";
				CLANG_CXX_LIBRARY = "libc++";
				CLANG_ENABLE_MODULES = YES;
				CLANG_ENABLE_OBJC_ARC = YES;
				CLANG_WARN_BOOL_CONVERSION = YES;
				CLANG_WARN_CONSTANT_CONVERSION = YES;
				CLANG_WARN_DIRECT_OBJC_ISA_USAGE = YES_ERROR;
				CLANG_WARN_DOCUMENTATION_COMMENTS = YES;
				CLANG_WARN_EMPTY_BODY = YES;
				CLANG_WARN_ENUM_CONVERSION = YES;
				CLANG_WARN_INFINITE_RECURSION = YES;
				CLANG_WARN_INT_CONVERSION = YES;
				CLANG_WARN_OBJC_ROOT_CLASS = YES_ERROR;
				CLANG_WARN_SUSPICIOUS_MOVE = YES;
				CLANG_WARN_UNREACHABLE_CODE = YES;
				CLANG_WARN__DUPLICATE_METHOD_MATCH = YES;
				"CODE_SIGN_IDENTITY[sdk=iphoneos*]" = "iPhone Developer";
				COPY_PHASE_STRIP = NO;
				DEBUG_INFORMATION_FORMAT = "dwarf-with-dsym";
				ENABLE_NS_ASSERTIONS = NO;
				ENABLE_STRICT_OBJC_MSGSEND = YES;
				GCC_C_LANGUAGE_STANDARD = gnu99;
				GCC_NO_COMMON_BLOCKS = YES;
				GCC_WARN_64_TO_32_BIT_CONVERSION = YES;
				GCC_WARN_ABOUT_RETURN_TYPE = YES_ERROR;
				GCC_WARN_UNDECLARED_SELECTOR = YES;
				GCC_WARN_UNINITIALIZED_AUTOS = YES_AGGRESSIVE;
				GCC_WARN_UNUSED_FUNCTION = YES;
				GCC_WARN_UNUSED_VARIABLE = YES;
				IPHONEOS_DEPLOYMENT_TARGET = 10.3;
				MTL_ENABLE_DEBUG_INFO = NO;
				SDKROOT = iphoneos;
				SWIFT_OPTIMIZATION_LEVEL = "-Owholemodule";
				VALIDATE_PRODUCT = YES;
			};
			name = Release;
		};
		076521081E9C76150001FEF0 /* Debug */ = {
			isa = XCBuildConfiguration;
			buildSettings = {
				ASSETCATALOG_COMPILER_APPICON_NAME = AppIcon;
				INFOPLIST_FILE = Selfigram/Info.plist;
				LD_RUNPATH_SEARCH_PATHS = "$(inherited) @executable_path/Frameworks";
				PRODUCT_BUNDLE_IDENTIFIER = com.Ayla.Selfigram;
				PRODUCT_NAME = "$(TARGET_NAME)";
				SWIFT_VERSION = 3.0;
			};
			name = Debug;
		};
		076521091E9C76150001FEF0 /* Release */ = {
			isa = XCBuildConfiguration;
			buildSettings = {
				ASSETCATALOG_COMPILER_APPICON_NAME = AppIcon;
				INFOPLIST_FILE = Selfigram/Info.plist;
				LD_RUNPATH_SEARCH_PATHS = "$(inherited) @executable_path/Frameworks";
				PRODUCT_BUNDLE_IDENTIFIER = com.Ayla.Selfigram;
				PRODUCT_NAME = "$(TARGET_NAME)";
				SWIFT_VERSION = 3.0;
			};
			name = Release;
		};
		0765210B1E9C76150001FEF0 /* Debug */ = {
			isa = XCBuildConfiguration;
			buildSettings = {
				ALWAYS_EMBED_SWIFT_STANDARD_LIBRARIES = YES;
				BUNDLE_LOADER = "$(TEST_HOST)";
				INFOPLIST_FILE = SelfigramTests/Info.plist;
				LD_RUNPATH_SEARCH_PATHS = "$(inherited) @executable_path/Frameworks @loader_path/Frameworks";
				PRODUCT_BUNDLE_IDENTIFIER = com.Ayla.SelfigramTests;
				PRODUCT_NAME = "$(TARGET_NAME)";
				SWIFT_VERSION = 3.0;
				TEST_HOST = "$(BUILT_PRODUCTS_DIR)/Selfigram.app/Selfigram";
			};
			name = Debug;
		};
		0765210C1E9C76150001FEF0 /* Release */ = {
			isa = XCBuildConfiguration;
			buildSettings = {
				ALWAYS_EMBED_SWIFT_STANDARD_LIBRARIES = YES;
				BUNDLE_LOADER = "$(TEST_HOST)";
				INFOPLIST_FILE = SelfigramTests/Info.plist;
				LD_RUNPATH_SEARCH_PATHS = "$(inherited) @executable_path/Frameworks @loader_path/Frameworks";
				PRODUCT_BUNDLE_IDENTIFIER = com.Ayla.SelfigramTests;
				PRODUCT_NAME = "$(TARGET_NAME)";
				SWIFT_VERSION = 3.0;
				TEST_HOST = "$(BUILT_PRODUCTS_DIR)/Selfigram.app/Selfigram";
			};
			name = Release;
		};
		0765210E1E9C76150001FEF0 /* Debug */ = {
			isa = XCBuildConfiguration;
			buildSettings = {
				ALWAYS_EMBED_SWIFT_STANDARD_LIBRARIES = YES;
				INFOPLIST_FILE = SelfigramUITests/Info.plist;
				LD_RUNPATH_SEARCH_PATHS = "$(inherited) @executable_path/Frameworks @loader_path/Frameworks";
				PRODUCT_BUNDLE_IDENTIFIER = com.Ayla.SelfigramUITests;
				PRODUCT_NAME = "$(TARGET_NAME)";
				SWIFT_VERSION = 3.0;
				TEST_TARGET_NAME = Selfigram;
			};
			name = Debug;
		};
		0765210F1E9C76150001FEF0 /* Release */ = {
			isa = XCBuildConfiguration;
			buildSettings = {
				ALWAYS_EMBED_SWIFT_STANDARD_LIBRARIES = YES;
				INFOPLIST_FILE = SelfigramUITests/Info.plist;
				LD_RUNPATH_SEARCH_PATHS = "$(inherited) @executable_path/Frameworks @loader_path/Frameworks";
				PRODUCT_BUNDLE_IDENTIFIER = com.Ayla.SelfigramUITests;
				PRODUCT_NAME = "$(TARGET_NAME)";
				SWIFT_VERSION = 3.0;
				TEST_TARGET_NAME = Selfigram;
			};
			name = Release;
		};
/* End XCBuildConfiguration section */

/* Begin XCConfigurationList section */
		076520DA1E9C76150001FEF0 /* Build configuration list for PBXProject "Selfigram" */ = {
			isa = XCConfigurationList;
			buildConfigurations = (
				076521051E9C76150001FEF0 /* Debug */,
				076521061E9C76150001FEF0 /* Release */,
			);
			defaultConfigurationIsVisible = 0;
			defaultConfigurationName = Release;
		};
		076521071E9C76150001FEF0 /* Build configuration list for PBXNativeTarget "Selfigram" */ = {
			isa = XCConfigurationList;
			buildConfigurations = (
				076521081E9C76150001FEF0 /* Debug */,
				076521091E9C76150001FEF0 /* Release */,
			);
			defaultConfigurationIsVisible = 0;
		};
		0765210A1E9C76150001FEF0 /* Build configuration list for PBXNativeTarget "SelfigramTests" */ = {
			isa = XCConfigurationList;
			buildConfigurations = (
				0765210B1E9C76150001FEF0 /* Debug */,
				0765210C1E9C76150001FEF0 /* Release */,
			);
			defaultConfigurationIsVisible = 0;
		};
		0765210D1E9C76150001FEF0 /* Build configuration list for PBXNativeTarget "SelfigramUITests" */ = {
			isa = XCConfigurationList;
			buildConfigurations = (
				0765210E1E9C76150001FEF0 /* Debug */,
				0765210F1E9C76150001FEF0 /* Release */,
			);
			defaultConfigurationIsVisible = 0;
		};
/* End XCConfigurationList section */
	};
	rootObject = 076520D71E9C76150001FEF0 /* Project object */;
}
